
Microsoft Visual Studio Solution File, Format Version 12.00
# Visual Studio Version 17
VisualStudioVersion = 17.5.33516.290
MinimumVisualStudioVersion = 10.0.40219.1
Project("{FAE04EC0-301F-11D3-BF4B-00C04F79EFBC}") = "Libreria", "Libreria\Libreria.csproj", "{37369CED-8429-4483-AF26-336512ACFF8A}"
EndProject
Project("{FAE04EC0-301F-11D3-BF4B-00C04F79EFBC}") = "Models", "Models\Models.csproj", "{A53FB437-4606-4817-95FB-5EA9C8881EC7}"
EndProject
Project("{FAE04EC0-301F-11D3-BF4B-00C04F79EFBC}") = "DataAccess", "DataAccess\DataAccess.csproj", "{8CC36053-CB6A-4C7E-9FC7-7E26BBB48D84}"
EndProject
Project("{FAE04EC0-301F-11D3-BF4B-00C04F79EFBC}") = "BusinessRules", "BusinessRules\BusinessRules.csproj", "{D5B84552-2870-460D-8704-9C4C5AB92786}"
EndProject
Project("{00D1A9C2-B5F0-4AF3-8072-F6C62B433612}") = "Libreria.Database", "Libreria.Database\Libreria.Database.sqlproj", "{A72C75FC-9DD0-4697-B469-5CA42A70C89D}"
EndProject
Project("{FAE04EC0-301F-11D3-BF4B-00C04F79EFBC}") = "Libreria.TestProject", "Libreria.TestProject\Libreria.TestProject.csproj", "{53A83220-3297-4A7E-AD8C-227805EF2280}"
EndProject
Global
	GlobalSection(SolutionConfigurationPlatforms) = preSolution
		Debug|Any CPU = Debug|Any CPU
		Release|Any CPU = Release|Any CPU
	EndGlobalSection
	GlobalSection(ProjectConfigurationPlatforms) = postSolution
		{37369CED-8429-4483-AF26-336512ACFF8A}.Debug|Any CPU.ActiveCfg = Debug|Any CPU
		{37369CED-8429-4483-AF26-336512ACFF8A}.Debug|Any CPU.Build.0 = Debug|Any CPU
		{37369CED-8429-4483-AF26-336512ACFF8A}.Release|Any CPU.ActiveCfg = Release|Any CPU
		{37369CED-8429-4483-AF26-336512ACFF8A}.Release|Any CPU.Build.0 = Release|Any CPU
		{A53FB437-4606-4817-95FB-5EA9C8881EC7}.Debug|Any CPU.ActiveCfg = Debug|Any CPU
		{A53FB437-4606-4817-95FB-5EA9C8881EC7}.Debug|Any CPU.Build.0 = Debug|Any CPU
		{A53FB437-4606-4817-95FB-5EA9C8881EC7}.Release|Any CPU.ActiveCfg = Release|Any CPU
		{A53FB437-4606-4817-95FB-5EA9C8881EC7}.Release|Any CPU.Build.0 = Release|Any CPU
		{8CC36053-CB6A-4C7E-9FC7-7E26BBB48D84}.Debug|Any CPU.ActiveCfg = Debug|Any CPU
		{8CC36053-CB6A-4C7E-9FC7-7E26BBB48D84}.Debug|Any CPU.Build.0 = Debug|Any CPU
		{8CC36053-CB6A-4C7E-9FC7-7E26BBB48D84}.Release|Any CPU.ActiveCfg = Release|Any CPU
		{8CC36053-CB6A-4C7E-9FC7-7E26BBB48D84}.Release|Any CPU.Build.0 = Release|Any CPU
		{D5B84552-2870-460D-8704-9C4C5AB92786}.Debug|Any CPU.ActiveCfg = Debug|Any CPU
		{D5B84552-2870-460D-8704-9C4C5AB92786}.Debug|Any CPU.Build.0 = Debug|Any CPU
		{D5B84552-2870-460D-8704-9C4C5AB92786}.Release|Any CPU.ActiveCfg = Release|Any CPU
		{D5B84552-2870-460D-8704-9C4C5AB92786}.Release|Any CPU.Build.0 = Release|Any CPU
		{A72C75FC-9DD0-4697-B469-5CA42A70C89D}.Debug|Any CPU.ActiveCfg = Debug|Any CPU
		{A72C75FC-9DD0-4697-B469-5CA42A70C89D}.Debug|Any CPU.Build.0 = Debug|Any CPU
		{A72C75FC-9DD0-4697-B469-5CA42A70C89D}.Debug|Any CPU.Deploy.0 = Debug|Any CPU
		{A72C75FC-9DD0-4697-B469-5CA42A70C89D}.Release|Any CPU.ActiveCfg = Release|Any CPU
		{A72C75FC-9DD0-4697-B469-5CA42A70C89D}.Release|Any CPU.Build.0 = Release|Any CPU
		{A72C75FC-9DD0-4697-B469-5CA42A70C89D}.Release|Any CPU.Deploy.0 = Release|Any CPU
		{53A83220-3297-4A7E-AD8C-227805EF2280}.Debug|Any CPU.ActiveCfg = Debug|Any CPU
		{53A83220-3297-4A7E-AD8C-227805EF2280}.Debug|Any CPU.Build.0 = Debug|Any CPU
		{53A83220-3297-4A7E-AD8C-227805EF2280}.Release|Any CPU.ActiveCfg = Release|Any CPU
		{53A83220-3297-4A7E-AD8C-227805EF2280}.Release|Any CPU.Build.0 = Release|Any CPU
	EndGlobalSection
	GlobalSection(SolutionProperties) = preSolution
		HideSolutionNode = FALSE
	EndGlobalSection
	GlobalSection(ExtensibilityGlobals) = postSolution
		SolutionGuid = {A8D6171D-1283-4C2E-9ECF-03E98FD03CFA}
	EndGlobalSection
EndGlobal
